
Microsoft Visual Studio Solution File, Format Version 12.00
# Visual Studio Version 17
VisualStudioVersion = 17.0.31903.59
MinimumVisualStudioVersion = 10.0.40219.1
Project("{2150E333-8FDC-42A3-9474-1A3956D46DE8}") = "src", "src", "{64B5A797-0822-445A-B759-8390127573C6}"
EndProject
Project("{FAE04EC0-301F-11D3-BF4B-00C04F79EFBC}") = "Egzact.Cli", "src\Egzact.Cli\Egzact.Cli.csproj", "{82B33584-11C9-49A7-853E-D9A573BD1A33}"
EndProject
Project("{2150E333-8FDC-42A3-9474-1A3956D46DE8}") = "test", "test", "{51A35AA9-2C36-4550-BAD3-ACDFE38A205C}"
EndProject
Project("{FAE04EC0-301F-11D3-BF4B-00C04F79EFBC}") = "Egzact.IO", "src\Egzact.IO\Egzact.IO.csproj", "{17F163BC-1DD2-4D9B-895A-E66B22250F12}"
EndProject
Project("{FAE04EC0-301F-11D3-BF4B-00C04F79EFBC}") = "Egzact.Command", "src\Egzact.Command\Egzact.Command.csproj", "{F0ED2AE3-F12F-44B1-9AC5-26F7A17056C1}"
EndProject
Project("{FAE04EC0-301F-11D3-BF4B-00C04F79EFBC}") = "Egzact.Command.Test", "test\Egzact.Command.Test\Egzact.Command.Test.csproj", "{1529263A-91F8-4C34-B4A9-91AB7416B906}"
EndProject
Project("{FAE04EC0-301F-11D3-BF4B-00C04F79EFBC}") = "Egzact.IO.Test", "test\Egzact.IO.Test\Egzact.IO.Test.csproj", "{BF8328A2-88CC-4E94-8ACD-CED92678673A}"
EndProject
Project("{FAE04EC0-301F-11D3-BF4B-00C04F79EFBC}") = "Egzact.Shared", "src\Egzact.Shared\Egzact.Shared.csproj", "{10E4F40F-2309-44BC-8C99-BC56E9B9B4A9}"
EndProject
Global
	GlobalSection(SolutionConfigurationPlatforms) = preSolution
		Debug|Any CPU = Debug|Any CPU
		Release|Any CPU = Release|Any CPU
	EndGlobalSection
	GlobalSection(SolutionProperties) = preSolution
		HideSolutionNode = FALSE
	EndGlobalSection
	GlobalSection(NestedProjects) = preSolution
		{82B33584-11C9-49A7-853E-D9A573BD1A33} = {64B5A797-0822-445A-B759-8390127573C6}
		{17F163BC-1DD2-4D9B-895A-E66B22250F12} = {64B5A797-0822-445A-B759-8390127573C6}
		{F0ED2AE3-F12F-44B1-9AC5-26F7A17056C1} = {64B5A797-0822-445A-B759-8390127573C6}
		{1529263A-91F8-4C34-B4A9-91AB7416B906} = {51A35AA9-2C36-4550-BAD3-ACDFE38A205C}
		{BF8328A2-88CC-4E94-8ACD-CED92678673A} = {51A35AA9-2C36-4550-BAD3-ACDFE38A205C}
	EndGlobalSection
	GlobalSection(ProjectConfigurationPlatforms) = postSolution
		{82B33584-11C9-49A7-853E-D9A573BD1A33}.Debug|Any CPU.ActiveCfg = Debug|Any CPU
		{82B33584-11C9-49A7-853E-D9A573BD1A33}.Debug|Any CPU.Build.0 = Debug|Any CPU
		{82B33584-11C9-49A7-853E-D9A573BD1A33}.Release|Any CPU.ActiveCfg = Release|Any CPU
		{82B33584-11C9-49A7-853E-D9A573BD1A33}.Release|Any CPU.Build.0 = Release|Any CPU
		{17F163BC-1DD2-4D9B-895A-E66B22250F12}.Debug|Any CPU.ActiveCfg = Debug|Any CPU
		{17F163BC-1DD2-4D9B-895A-E66B22250F12}.Debug|Any CPU.Build.0 = Debug|Any CPU
		{17F163BC-1DD2-4D9B-895A-E66B22250F12}.Release|Any CPU.ActiveCfg = Release|Any CPU
		{17F163BC-1DD2-4D9B-895A-E66B22250F12}.Release|Any CPU.Build.0 = Release|Any CPU
		{F0ED2AE3-F12F-44B1-9AC5-26F7A17056C1}.Debug|Any CPU.ActiveCfg = Debug|Any CPU
		{F0ED2AE3-F12F-44B1-9AC5-26F7A17056C1}.Debug|Any CPU.Build.0 = Debug|Any CPU
		{F0ED2AE3-F12F-44B1-9AC5-26F7A17056C1}.Release|Any CPU.ActiveCfg = Release|Any CPU
		{F0ED2AE3-F12F-44B1-9AC5-26F7A17056C1}.Release|Any CPU.Build.0 = Release|Any CPU
		{1529263A-91F8-4C34-B4A9-91AB7416B906}.Debug|Any CPU.ActiveCfg = Debug|Any CPU
		{1529263A-91F8-4C34-B4A9-91AB7416B906}.Debug|Any CPU.Build.0 = Debug|Any CPU
		{1529263A-91F8-4C34-B4A9-91AB7416B906}.Release|Any CPU.ActiveCfg = Release|Any CPU
		{1529263A-91F8-4C34-B4A9-91AB7416B906}.Release|Any CPU.Build.0 = Release|Any CPU
		{BF8328A2-88CC-4E94-8ACD-CED92678673A}.Debug|Any CPU.ActiveCfg = Debug|Any CPU
		{BF8328A2-88CC-4E94-8ACD-CED92678673A}.Debug|Any CPU.Build.0 = Debug|Any CPU
		{BF8328A2-88CC-4E94-8ACD-CED92678673A}.Release|Any CPU.ActiveCfg = Release|Any CPU
		{BF8328A2-88CC-4E94-8ACD-CED92678673A}.Release|Any CPU.Build.0 = Release|Any CPU
		{10E4F40F-2309-44BC-8C99-BC56E9B9B4A9}.Debug|Any CPU.ActiveCfg = Debug|Any CPU
		{10E4F40F-2309-44BC-8C99-BC56E9B9B4A9}.Debug|Any CPU.Build.0 = Debug|Any CPU
		{10E4F40F-2309-44BC-8C99-BC56E9B9B4A9}.Release|Any CPU.ActiveCfg = Release|Any CPU
		{10E4F40F-2309-44BC-8C99-BC56E9B9B4A9}.Release|Any CPU.Build.0 = Release|Any CPU
	EndGlobalSection
EndGlobal
